
Microsoft Visual Studio Solution File, Format Version 12.00
# Visual Studio Version 17
VisualStudioVersion = 17.14.36327.8 d17.14
MinimumVisualStudioVersion = 10.0.40219.1
Project("{FAE04EC0-301F-11D3-BF4B-00C04F79EFBC}") = "StoreX", "StoreX\StoreX.csproj", "{17CEFEBA-3D82-40BE-A523-E71F8A39D616}"
EndProject
Global
	GlobalSection(SolutionConfigurationPlatforms) = preSolution
		Debug|Any CPU = Debug|Any CPU
		Release|Any CPU = Release|Any CPU
	EndGlobalSection
	GlobalSection(ProjectConfigurationPlatforms) = postSolution
		{17CEFEBA-3D82-40BE-A523-E71F8A39D616}.Debug|Any CPU.ActiveCfg = Debug|Any CPU
		{17CEFEBA-3D82-40BE-A523-E71F8A39D616}.Debug|Any CPU.Build.0 = Debug|Any CPU
		{17CEFEBA-3D82-40BE-A523-E71F8A39D616}.Release|Any CPU.ActiveCfg = Release|Any CPU
		{17CEFEBA-3D82-40BE-A523-E71F8A39D616}.Release|Any CPU.Build.0 = Release|Any CPU
	EndGlobalSection
	GlobalSection(SolutionProperties) = preSolution
		HideSolutionNode = FALSE
	EndGlobalSection
	GlobalSection(ExtensibilityGlobals) = postSolution
		SolutionGuid = {0646BA6E-CBA7-4DC2-AEC3-D86466D88344}
	EndGlobalSection
EndGlobal
